Microsoft Visual Studio Solution File, Format Version 12.00
# Visual Studio Version 17
VisualStudioVersion = 17.5.2.0
MinimumVisualStudioVersion = 10.0.40219.1
Project("{FAE04EC0-301F-11D3-BF4B-00C04F79EFBC}") = "KanbanApp", "KanbanApp.csproj", "{44D5BB5B-656D-DDA0-738F-23980A09F3FD}"
EndProject
Global
	GlobalSection(SolutionConfigurationPlatforms) = preSolution
		Debug|Any CPU = Debug|Any CPU
		Release|Any CPU = Release|Any CPU
	EndGlobalSection
	GlobalSection(ProjectConfigurationPlatforms) = postSolution
		{44D5BB5B-656D-DDA0-738F-23980A09F3FD}.Debug|Any CPU.ActiveCfg = Debug|Any CPU
		{44D5BB5B-656D-DDA0-738F-23980A09F3FD}.Debug|Any CPU.Build.0 = Debug|Any CPU
		{44D5BB5B-656D-DDA0-738F-23980A09F3FD}.Release|Any CPU.ActiveCfg = Release|Any CPU
		{44D5BB5B-656D-DDA0-738F-23980A09F3FD}.Release|Any CPU.Build.0 = Release|Any CPU
	EndGlobalSection
	GlobalSection(SolutionProperties) = preSolution
		HideSolutionNode = FALSE
	EndGlobalSection
	GlobalSection(ExtensibilityGlobals) = postSolution
		SolutionGuid = {AA5B6514-0371-4AD8-A36D-AEC1275AE6CA}
	EndGlobalSection
EndGlobal
